{
  "pins" : [
    {
      "identity" : "agcore",
      "kind" : "remoteSourceControl",
      "location" : "https://github.com/antokne/AGCore",
      "state" : {
        "branch" : "develop",
        "revision" : "7614ae2c50d6880755d4665bd6cfc5b39ee0cc5b"
      }
    },
    {
      "identity" : "agfitcore",
      "kind" : "remoteSourceControl",
      "location" : "https://github.com/antokne/AGFitCore",
      "state" : {
        "branch" : "develop",
        "revision" : "cab659dc7ccab37d2d012a2f242938cd0447c53e"
      }
    },
    {
      "identity" : "alamofire",
      "kind" : "remoteSourceControl",
      "location" : "https://github.com/Alamofire/Alamofire",
      "state" : {
        "revision" : "747c8db8d57b68d5e35275f10c92d55f982adbd4",
        "version" : "4.9.1"
      }
    },
    {
      "identity" : "alerttoast",
      "kind" : "remoteSourceControl",
      "location" : "https://github.com/elai950/AlertToast.git",
      "state" : {
        "branch" : "master",
        "revision" : "76a1c1793cd3443001c20c6033beb84453b25d9f"
      }
    },
    {
      "identity" : "antmessageprotocol",
      "kind" : "remoteSourceControl",
      "location" : "https://github.com/FitnessKit/AntMessageProtocol",
      "state" : {
        "revision" : "f0350ce0eea3057af8a34b85c0fda25c2052b094",
        "version" : "1.1.1"
      }
    },
    {
      "identity" : "datadecoder",
      "kind" : "remoteSourceControl",
      "location" : "https://github.com/FitnessKit/DataDecoder",
      "state" : {
        "revision" : "8ca8aefc505833d3ca67e6070169472a7103594e",
        "version" : "5.0.0"
      }
    },
    {
      "identity" : "datebuilder",
      "kind" : "remoteSourceControl",
      "location" : "https://github.com/dreymonde/DateBuilder",
      "state" : {
        "revision" : "374ca554ed132f84bc97158901e6208c9608a6bc",
        "version" : "0.1.4"
      }
    },
    {
      "identity" : "fitdataprotocol",
      "kind" : "remoteSourceControl",
      "location" : "https://github.com/antokne/FitDataProtocol",
      "state" : {
        "branch" : "master",
        "revision" : "75d6e2e407978b608d760d699f6eca7e2c4c7688"
      }
    },
    {
      "identity" : "fitnessunits",
      "kind" : "remoteSourceControl",
      "location" : "https://github.com/FitnessKit/FitnessUnits",
      "state" : {
        "revision" : "12af59a7025decf46b7e0a4bb7b1eb480b1c9e5c",
        "version" : "3.1.0"
      }
    },
    {
      "identity" : "nicenotifications",
      "kind" : "remoteSourceControl",
      "location" : "https://github.com/dreymonde/NiceNotifications.git",
      "state" : {
        "branch" : "main",
        "revision" : "dc24879ac7979efdea18a2c1f7a8bb6c364d16e6"
      }
    },
    {
      "identity" : "swift-strava",
      "kind" : "remoteSourceControl",
      "location" : "https://github.com/antokne/swift-strava",
      "state" : {
        "branch" : "master",
        "revision" : "d710bf0d41748f05c6796571dfe736bd5831b9e7"
      }
    }
  ],
  "version" : 2
}
