{
  "pins" : [
    {
      "identity" : "agcore",
      "kind" : "remoteSourceControl",
      "location" : "https://github.com/antokne/AGCore",
      "state" : {
        "branch" : "develop",
        "revision" : "cfdfe0d8441d8799cb2f3859e522218ac1bc1df7"
      }
    },
    {
      "identity" : "agfitcore",
      "kind" : "remoteSourceControl",
      "location" : "https://github.com/antokne/AGFitCore",
      "state" : {
        "branch" : "develop",
        "revision" : "bcc911426fc13d6532241243c2e9c11550e49409"
      }
    },
    {
      "identity" : "alamofire",
      "kind" : "remoteSourceControl",
      "location" : "https://github.com/Alamofire/Alamofire",
      "state" : {
        "revision" : "747c8db8d57b68d5e35275f10c92d55f982adbd4",
        "version" : "4.9.1"
      }
    },
    {
      "identity" : "antmessageprotocol",
      "kind" : "remoteSourceControl",
      "location" : "https://github.com/FitnessKit/AntMessageProtocol",
      "state" : {
        "revision" : "f0350ce0eea3057af8a34b85c0fda25c2052b094",
        "version" : "1.1.1"
      }
    },
    {
      "identity" : "datadecoder",
      "kind" : "remoteSourceControl",
      "location" : "https://github.com/FitnessKit/DataDecoder",
      "state" : {
        "revision" : "8ca8aefc505833d3ca67e6070169472a7103594e",
        "version" : "5.0.0"
      }
    },
    {
      "identity" : "fitdataprotocol",
      "kind" : "remoteSourceControl",
      "location" : "https://github.com/antokne/FitDataProtocol",
      "state" : {
        "branch" : "master",
        "revision" : "ff94e41b0f6caaf8a7b5aee90a31cea090a17804"
      }
    },
    {
      "identity" : "fitnessunits",
      "kind" : "remoteSourceControl",
      "location" : "https://github.com/FitnessKit/FitnessUnits",
      "state" : {
        "revision" : "12af59a7025decf46b7e0a4bb7b1eb480b1c9e5c",
        "version" : "3.1.0"
      }
    },
    {
      "identity" : "swift-log",
      "kind" : "remoteSourceControl",
      "location" : "https://github.com/apple/swift-log",
      "state" : {
        "revision" : "32e8d724467f8fe623624570367e3d50c5638e46",
        "version" : "1.5.2"
      }
    },
    {
      "identity" : "swift-strava",
      "kind" : "remoteSourceControl",
      "location" : "https://github.com/antokne/swift-strava",
      "state" : {
        "branch" : "master",
        "revision" : "d710bf0d41748f05c6796571dfe736bd5831b9e7"
      }
    }
  ],
  "version" : 2
}
